
Microsoft Visual Studio Solution File, Format Version 12.00
# Visual Studio Version 17
VisualStudioVersion = 17.0.31903.59
MinimumVisualStudioVersion = 10.0.40219.1
Project("{2150E333-8FDC-42A3-9474-1A3956D46DE8}") = "src", "src", "{827E0CD3-B72D-47B6-A68D-7590B98EB39B}"
EndProject
Project("{FAE04EC0-301F-11D3-BF4B-00C04F79EFBC}") = "Luthn.Core", "src\Luthn.Core\Luthn.Core.csproj", "{0BE00C37-7BF6-470A-BACB-4B1B566202A0}"
EndProject
Project("{FAE04EC0-301F-11D3-BF4B-00C04F79EFBC}") = "Luthn.Core.Persistence", "src\Luthn.Core.Persistence\Luthn.Core.Persistence.csproj", "{931BB004-545F-49DF-96F4-40D56310B63D}"
EndProject
Project("{FAE04EC0-301F-11D3-BF4B-00C04F79EFBC}") = "Luthn.Host.Api", "src\Luthn.Host.Api\Luthn.Host.Api.csproj", "{EB298018-24A4-4244-8CB4-629EB47D708E}"
EndProject
Project("{FAE04EC0-301F-11D3-BF4B-00C04F79EFBC}") = "Luthn.Host.Worker", "src\Luthn.Host.Worker\Luthn.Host.Worker.csproj", "{87A9FCC0-D2E3-4995-842E-99E82E0A1341}"
EndProject
Project("{FAE04EC0-301F-11D3-BF4B-00C04F79EFBC}") = "Luthn.Tools", "src\Luthn.Tools\Luthn.Tools.csproj", "{3AAB3995-9BB6-4AE1-94D6-8E8034640A6D}"
EndProject
Project("{2150E333-8FDC-42A3-9474-1A3956D46DE8}") = "tests", "tests", "{0AB3BF05-4346-4AA6-1389-037BE0695223}"
EndProject
Project("{FAE04EC0-301F-11D3-BF4B-00C04F79EFBC}") = "Luthn.Core.Tests", "tests\Luthn.Core.Tests\Luthn.Core.Tests.csproj", "{D40D0D5B-3C9B-44DA-B5F3-D5CA53435D18}"
EndProject
Project("{FAE04EC0-301F-11D3-BF4B-00C04F79EFBC}") = "Luthn.Core.Persistence.Tests", "tests\Luthn.Core.Persistence.Tests\Luthn.Core.Persistence.Tests.csproj", "{24E14EB4-7082-4BEA-A089-67A33C96D46F}"
EndProject
Project("{FAE04EC0-301F-11D3-BF4B-00C04F79EFBC}") = "Luthn.Host.Api.Tests", "tests\Luthn.Host.Api.Tests\Luthn.Host.Api.Tests.csproj", "{5256320A-CD38-4BEB-91D9-50213C1084D3}"
EndProject
Project("{FAE04EC0-301F-11D3-BF4B-00C04F79EFBC}") = "Luthn.Sdk", "src\Luthn.Sdk\Luthn.Sdk.csproj", "{F1F4BC1C-9903-45AD-A1CD-064EB4A2578D}"
EndProject
Project("{FAE04EC0-301F-11D3-BF4B-00C04F79EFBC}") = "Luthn.AgentConnector.Http", "src\Luthn.AgentConnector.Http\Luthn.AgentConnector.Http.csproj", "{A18F2CF2-6306-42BB-B809-252C4D38D255}"
EndProject
Project("{FAE04EC0-301F-11D3-BF4B-00C04F79EFBC}") = "Luthn.McpServer", "src\Luthn.McpServer\Luthn.McpServer.csproj", "{4C3456ED-781B-4609-8208-009A98B1E65D}"
EndProject
Project("{FAE04EC0-301F-11D3-BF4B-00C04F79EFBC}") = "Luthn.Sdk.Tests", "tests\Luthn.Sdk.Tests\Luthn.Sdk.Tests.csproj", "{7ECFBAB8-AED6-49D2-8EF0-21B41A739E56}"
EndProject
Project("{FAE04EC0-301F-11D3-BF4B-00C04F79EFBC}") = "Luthn.AgentConnector.Tests", "tests\Luthn.AgentConnector.Tests\Luthn.AgentConnector.Tests.csproj", "{FD65F6A8-2D1E-4529-9083-BBD2CE705571}"
EndProject
Project("{FAE04EC0-301F-11D3-BF4B-00C04F79EFBC}") = "Luthn.McpServer.Tests", "tests\Luthn.McpServer.Tests\Luthn.McpServer.Tests.csproj", "{D303714A-37FF-4E3C-BE5F-A27B8D6A65FA}"
EndProject
Project("{FAE04EC0-301F-11D3-BF4B-00C04F79EFBC}") = "Luthn.Tools.Tests", "tests\Luthn.Tools.Tests\Luthn.Tools.Tests.csproj", "{0A2550ED-00D1-406A-9240-E6F2E6E6E13E}"
EndProject
Global
	GlobalSection(SolutionConfigurationPlatforms) = preSolution
		Debug|Any CPU = Debug|Any CPU
		Debug|x64 = Debug|x64
		Debug|x86 = Debug|x86
		Release|Any CPU = Release|Any CPU
		Release|x64 = Release|x64
		Release|x86 = Release|x86
	EndGlobalSection
	GlobalSection(ProjectConfigurationPlatforms) = postSolution
		{0BE00C37-7BF6-470A-BACB-4B1B566202A0}.Debug|Any CPU.ActiveCfg = Debug|Any CPU
		{0BE00C37-7BF6-470A-BACB-4B1B566202A0}.Debug|Any CPU.Build.0 = Debug|Any CPU
		{0BE00C37-7BF6-470A-BACB-4B1B566202A0}.Debug|x64.ActiveCfg = Debug|Any CPU
		{0BE00C37-7BF6-470A-BACB-4B1B566202A0}.Debug|x64.Build.0 = Debug|Any CPU
		{0BE00C37-7BF6-470A-BACB-4B1B566202A0}.Debug|x86.ActiveCfg = Debug|Any CPU
		{0BE00C37-7BF6-470A-BACB-4B1B566202A0}.Debug|x86.Build.0 = Debug|Any CPU
		{0BE00C37-7BF6-470A-BACB-4B1B566202A0}.Release|Any CPU.ActiveCfg = Release|Any CPU
		{0BE00C37-7BF6-470A-BACB-4B1B566202A0}.Release|Any CPU.Build.0 = Release|Any CPU
		{0BE00C37-7BF6-470A-BACB-4B1B566202A0}.Release|x64.ActiveCfg = Release|Any CPU
		{0BE00C37-7BF6-470A-BACB-4B1B566202A0}.Release|x64.Build.0 = Release|Any CPU
		{0BE00C37-7BF6-470A-BACB-4B1B566202A0}.Release|x86.ActiveCfg = Release|Any CPU
		{0BE00C37-7BF6-470A-BACB-4B1B566202A0}.Release|x86.Build.0 = Release|Any CPU
		{931BB004-545F-49DF-96F4-40D56310B63D}.Debug|Any CPU.ActiveCfg = Debug|Any CPU
		{931BB004-545F-49DF-96F4-40D56310B63D}.Debug|Any CPU.Build.0 = Debug|Any CPU
		{931BB004-545F-49DF-96F4-40D56310B63D}.Debug|x64.ActiveCfg = Debug|Any CPU
		{931BB004-545F-49DF-96F4-40D56310B63D}.Debug|x64.Build.0 = Debug|Any CPU
		{931BB004-545F-49DF-96F4-40D56310B63D}.Debug|x86.ActiveCfg = Debug|Any CPU
		{931BB004-545F-49DF-96F4-40D56310B63D}.Debug|x86.Build.0 = Debug|Any CPU
		{931BB004-545F-49DF-96F4-40D56310B63D}.Release|Any CPU.ActiveCfg = Release|Any CPU
		{931BB004-545F-49DF-96F4-40D56310B63D}.Release|Any CPU.Build.0 = Release|Any CPU
		{931BB004-545F-49DF-96F4-40D56310B63D}.Release|x64.ActiveCfg = Release|Any CPU
		{931BB004-545F-49DF-96F4-40D56310B63D}.Release|x64.Build.0 = Release|Any CPU
		{931BB004-545F-49DF-96F4-40D56310B63D}.Release|x86.ActiveCfg = Release|Any CPU
		{931BB004-545F-49DF-96F4-40D56310B63D}.Release|x86.Build.0 = Release|Any CPU
		{EB298018-24A4-4244-8CB4-629EB47D708E}.Debug|Any CPU.ActiveCfg = Debug|Any CPU
		{EB298018-24A4-4244-8CB4-629EB47D708E}.Debug|Any CPU.Build.0 = Debug|Any CPU
		{EB298018-24A4-4244-8CB4-629EB47D708E}.Debug|x64.ActiveCfg = Debug|Any CPU
		{EB298018-24A4-4244-8CB4-629EB47D708E}.Debug|x64.Build.0 = Debug|Any CPU
		{EB298018-24A4-4244-8CB4-629EB47D708E}.Debug|x86.ActiveCfg = Debug|Any CPU
		{EB298018-24A4-4244-8CB4-629EB47D708E}.Debug|x86.Build.0 = Debug|Any CPU
		{EB298018-24A4-4244-8CB4-629EB47D708E}.Release|Any CPU.ActiveCfg = Release|Any CPU
		{EB298018-24A4-4244-8CB4-629EB47D708E}.Release|Any CPU.Build.0 = Release|Any CPU
		{EB298018-24A4-4244-8CB4-629EB47D708E}.Release|x64.ActiveCfg = Release|Any CPU
		{EB298018-24A4-4244-8CB4-629EB47D708E}.Release|x64.Build.0 = Release|Any CPU
		{EB298018-24A4-4244-8CB4-629EB47D708E}.Release|x86.ActiveCfg = Release|Any CPU
		{EB298018-24A4-4244-8CB4-629EB47D708E}.Release|x86.Build.0 = Release|Any CPU
		{87A9FCC0-D2E3-4995-842E-99E82E0A1341}.Debug|Any CPU.ActiveCfg = Debug|Any CPU
		{87A9FCC0-D2E3-4995-842E-99E82E0A1341}.Debug|Any CPU.Build.0 = Debug|Any CPU
		{87A9FCC0-D2E3-4995-842E-99E82E0A1341}.Debug|x64.ActiveCfg = Debug|Any CPU
		{87A9FCC0-D2E3-4995-842E-99E82E0A1341}.Debug|x64.Build.0 = Debug|Any CPU
		{87A9FCC0-D2E3-4995-842E-99E82E0A1341}.Debug|x86.ActiveCfg = Debug|Any CPU
		{87A9FCC0-D2E3-4995-842E-99E82E0A1341}.Debug|x86.Build.0 = Debug|Any CPU
		{87A9FCC0-D2E3-4995-842E-99E82E0A1341}.Release|Any CPU.ActiveCfg = Release|Any CPU
		{87A9FCC0-D2E3-4995-842E-99E82E0A1341}.Release|Any CPU.Build.0 = Release|Any CPU
		{87A9FCC0-D2E3-4995-842E-99E82E0A1341}.Release|x64.ActiveCfg = Release|Any CPU
		{87A9FCC0-D2E3-4995-842E-99E82E0A1341}.Release|x64.Build.0 = Release|Any CPU
		{87A9FCC0-D2E3-4995-842E-99E82E0A1341}.Release|x86.ActiveCfg = Release|Any CPU
		{87A9FCC0-D2E3-4995-842E-99E82E0A1341}.Release|x86.Build.0 = Release|Any CPU
		{3AAB3995-9BB6-4AE1-94D6-8E8034640A6D}.Debug|Any CPU.ActiveCfg = Debug|Any CPU
		{3AAB3995-9BB6-4AE1-94D6-8E8034640A6D}.Debug|Any CPU.Build.0 = Debug|Any CPU
		{3AAB3995-9BB6-4AE1-94D6-8E8034640A6D}.Debug|x64.ActiveCfg = Debug|Any CPU
		{3AAB3995-9BB6-4AE1-94D6-8E8034640A6D}.Debug|x64.Build.0 = Debug|Any CPU
		{3AAB3995-9BB6-4AE1-94D6-8E8034640A6D}.Debug|x86.ActiveCfg = Debug|Any CPU
		{3AAB3995-9BB6-4AE1-94D6-8E8034640A6D}.Debug|x86.Build.0 = Debug|Any CPU
		{3AAB3995-9BB6-4AE1-94D6-8E8034640A6D}.Release|Any CPU.ActiveCfg = Release|Any CPU
		{3AAB3995-9BB6-4AE1-94D6-8E8034640A6D}.Release|Any CPU.Build.0 = Release|Any CPU
		{3AAB3995-9BB6-4AE1-94D6-8E8034640A6D}.Release|x64.ActiveCfg = Release|Any CPU
		{3AAB3995-9BB6-4AE1-94D6-8E8034640A6D}.Release|x64.Build.0 = Release|Any CPU
		{3AAB3995-9BB6-4AE1-94D6-8E8034640A6D}.Release|x86.ActiveCfg = Release|Any CPU
		{3AAB3995-9BB6-4AE1-94D6-8E8034640A6D}.Release|x86.Build.0 = Release|Any CPU
		{D40D0D5B-3C9B-44DA-B5F3-D5CA53435D18}.Debug|Any CPU.ActiveCfg = Debug|Any CPU
		{D40D0D5B-3C9B-44DA-B5F3-D5CA53435D18}.Debug|Any CPU.Build.0 = Debug|Any CPU
		{D40D0D5B-3C9B-44DA-B5F3-D5CA53435D18}.Debug|x64.ActiveCfg = Debug|Any CPU
		{D40D0D5B-3C9B-44DA-B5F3-D5CA53435D18}.Debug|x64.Build.0 = Debug|Any CPU
		{D40D0D5B-3C9B-44DA-B5F3-D5CA53435D18}.Debug|x86.ActiveCfg = Debug|Any CPU
		{D40D0D5B-3C9B-44DA-B5F3-D5CA53435D18}.Debug|x86.Build.0 = Debug|Any CPU
		{D40D0D5B-3C9B-44DA-B5F3-D5CA53435D18}.Release|Any CPU.ActiveCfg = Release|Any CPU
		{D40D0D5B-3C9B-44DA-B5F3-D5CA53435D18}.Release|Any CPU.Build.0 = Release|Any CPU
		{D40D0D5B-3C9B-44DA-B5F3-D5CA53435D18}.Release|x64.ActiveCfg = Release|Any CPU
		{D40D0D5B-3C9B-44DA-B5F3-D5CA53435D18}.Release|x64.Build.0 = Release|Any CPU
		{D40D0D5B-3C9B-44DA-B5F3-D5CA53435D18}.Release|x86.ActiveCfg = Release|Any CPU
		{D40D0D5B-3C9B-44DA-B5F3-D5CA53435D18}.Release|x86.Build.0 = Release|Any CPU
		{24E14EB4-7082-4BEA-A089-67A33C96D46F}.Debug|Any CPU.ActiveCfg = Debug|Any CPU
		{24E14EB4-7082-4BEA-A089-67A33C96D46F}.Debug|Any CPU.Build.0 = Debug|Any CPU
		{24E14EB4-7082-4BEA-A089-67A33C96D46F}.Debug|x64.ActiveCfg = Debug|Any CPU
		{24E14EB4-7082-4BEA-A089-67A33C96D46F}.Debug|x64.Build.0 = Debug|Any CPU
		{24E14EB4-7082-4BEA-A089-67A33C96D46F}.Debug|x86.ActiveCfg = Debug|Any CPU
		{24E14EB4-7082-4BEA-A089-67A33C96D46F}.Debug|x86.Build.0 = Debug|Any CPU
		{24E14EB4-7082-4BEA-A089-67A33C96D46F}.Release|Any CPU.ActiveCfg = Release|Any CPU
		{24E14EB4-7082-4BEA-A089-67A33C96D46F}.Release|Any CPU.Build.0 = Release|Any CPU
		{24E14EB4-7082-4BEA-A089-67A33C96D46F}.Release|x64.ActiveCfg = Release|Any CPU
		{24E14EB4-7082-4BEA-A089-67A33C96D46F}.Release|x64.Build.0 = Release|Any CPU
		{24E14EB4-7082-4BEA-A089-67A33C96D46F}.Release|x86.ActiveCfg = Release|Any CPU
		{24E14EB4-7082-4BEA-A089-67A33C96D46F}.Release|x86.Build.0 = Release|Any CPU
		{5256320A-CD38-4BEB-91D9-50213C1084D3}.Debug|Any CPU.ActiveCfg = Debug|Any CPU
		{5256320A-CD38-4BEB-91D9-50213C1084D3}.Debug|Any CPU.Build.0 = Debug|Any CPU
		{5256320A-CD38-4BEB-91D9-50213C1084D3}.Debug|x64.ActiveCfg = Debug|Any CPU
		{5256320A-CD38-4BEB-91D9-50213C1084D3}.Debug|x64.Build.0 = Debug|Any CPU
		{5256320A-CD38-4BEB-91D9-50213C1084D3}.Debug|x86.ActiveCfg = Debug|Any CPU
		{5256320A-CD38-4BEB-91D9-50213C1084D3}.Debug|x86.Build.0 = Debug|Any CPU
		{5256320A-CD38-4BEB-91D9-50213C1084D3}.Release|Any CPU.ActiveCfg = Release|Any CPU
		{5256320A-CD38-4BEB-91D9-50213C1084D3}.Release|Any CPU.Build.0 = Release|Any CPU
		{5256320A-CD38-4BEB-91D9-50213C1084D3}.Release|x64.ActiveCfg = Release|Any CPU
		{5256320A-CD38-4BEB-91D9-50213C1084D3}.Release|x64.Build.0 = Release|Any CPU
		{5256320A-CD38-4BEB-91D9-50213C1084D3}.Release|x86.ActiveCfg = Release|Any CPU
		{5256320A-CD38-4BEB-91D9-50213C1084D3}.Release|x86.Build.0 = Release|Any CPU
		{F1F4BC1C-9903-45AD-A1CD-064EB4A2578D}.Debug|Any CPU.ActiveCfg = Debug|Any CPU
		{F1F4BC1C-9903-45AD-A1CD-064EB4A2578D}.Debug|Any CPU.Build.0 = Debug|Any CPU
		{F1F4BC1C-9903-45AD-A1CD-064EB4A2578D}.Debug|x64.ActiveCfg = Debug|Any CPU
		{F1F4BC1C-9903-45AD-A1CD-064EB4A2578D}.Debug|x64.Build.0 = Debug|Any CPU
		{F1F4BC1C-9903-45AD-A1CD-064EB4A2578D}.Debug|x86.ActiveCfg = Debug|Any CPU
		{F1F4BC1C-9903-45AD-A1CD-064EB4A2578D}.Debug|x86.Build.0 = Debug|Any CPU
		{F1F4BC1C-9903-45AD-A1CD-064EB4A2578D}.Release|Any CPU.ActiveCfg = Release|Any CPU
		{F1F4BC1C-9903-45AD-A1CD-064EB4A2578D}.Release|Any CPU.Build.0 = Release|Any CPU
		{F1F4BC1C-9903-45AD-A1CD-064EB4A2578D}.Release|x64.ActiveCfg = Release|Any CPU
		{F1F4BC1C-9903-45AD-A1CD-064EB4A2578D}.Release|x64.Build.0 = Release|Any CPU
		{F1F4BC1C-9903-45AD-A1CD-064EB4A2578D}.Release|x86.ActiveCfg = Release|Any CPU
		{F1F4BC1C-9903-45AD-A1CD-064EB4A2578D}.Release|x86.Build.0 = Release|Any CPU
		{A18F2CF2-6306-42BB-B809-252C4D38D255}.Debug|Any CPU.ActiveCfg = Debug|Any CPU
		{A18F2CF2-6306-42BB-B809-252C4D38D255}.Debug|Any CPU.Build.0 = Debug|Any CPU
		{A18F2CF2-6306-42BB-B809-252C4D38D255}.Debug|x64.ActiveCfg = Debug|Any CPU
		{A18F2CF2-6306-42BB-B809-252C4D38D255}.Debug|x64.Build.0 = Debug|Any CPU
		{A18F2CF2-6306-42BB-B809-252C4D38D255}.Debug|x86.ActiveCfg = Debug|Any CPU
		{A18F2CF2-6306-42BB-B809-252C4D38D255}.Debug|x86.Build.0 = Debug|Any CPU
		{A18F2CF2-6306-42BB-B809-252C4D38D255}.Release|Any CPU.ActiveCfg = Release|Any CPU
		{A18F2CF2-6306-42BB-B809-252C4D38D255}.Release|Any CPU.Build.0 = Release|Any CPU
		{A18F2CF2-6306-42BB-B809-252C4D38D255}.Release|x64.ActiveCfg = Release|Any CPU
		{A18F2CF2-6306-42BB-B809-252C4D38D255}.Release|x64.Build.0 = Release|Any CPU
		{A18F2CF2-6306-42BB-B809-252C4D38D255}.Release|x86.ActiveCfg = Release|Any CPU
		{A18F2CF2-6306-42BB-B809-252C4D38D255}.Release|x86.Build.0 = Release|Any CPU
		{4C3456ED-781B-4609-8208-009A98B1E65D}.Debug|Any CPU.ActiveCfg = Debug|Any CPU
		{4C3456ED-781B-4609-8208-009A98B1E65D}.Debug|Any CPU.Build.0 = Debug|Any CPU
		{4C3456ED-781B-4609-8208-009A98B1E65D}.Debug|x64.ActiveCfg = Debug|Any CPU
		{4C3456ED-781B-4609-8208-009A98B1E65D}.Debug|x64.Build.0 = Debug|Any CPU
		{4C3456ED-781B-4609-8208-009A98B1E65D}.Debug|x86.ActiveCfg = Debug|Any CPU
		{4C3456ED-781B-4609-8208-009A98B1E65D}.Debug|x86.Build.0 = Debug|Any CPU
		{4C3456ED-781B-4609-8208-009A98B1E65D}.Release|Any CPU.ActiveCfg = Release|Any CPU
		{4C3456ED-781B-4609-8208-009A98B1E65D}.Release|Any CPU.Build.0 = Release|Any CPU
		{4C3456ED-781B-4609-8208-009A98B1E65D}.Release|x64.ActiveCfg = Release|Any CPU
		{4C3456ED-781B-4609-8208-009A98B1E65D}.Release|x64.Build.0 = Release|Any CPU
		{4C3456ED-781B-4609-8208-009A98B1E65D}.Release|x86.ActiveCfg = Release|Any CPU
		{4C3456ED-781B-4609-8208-009A98B1E65D}.Release|x86.Build.0 = Release|Any CPU
		{7ECFBAB8-AED6-49D2-8EF0-21B41A739E56}.Debug|Any CPU.ActiveCfg = Debug|Any CPU
		{7ECFBAB8-AED6-49D2-8EF0-21B41A739E56}.Debug|Any CPU.Build.0 = Debug|Any CPU
		{7ECFBAB8-AED6-49D2-8EF0-21B41A739E56}.Debug|x64.ActiveCfg = Debug|Any CPU
		{7ECFBAB8-AED6-49D2-8EF0-21B41A739E56}.Debug|x64.Build.0 = Debug|Any CPU
		{7ECFBAB8-AED6-49D2-8EF0-21B41A739E56}.Debug|x86.ActiveCfg = Debug|Any CPU
		{7ECFBAB8-AED6-49D2-8EF0-21B41A739E56}.Debug|x86.Build.0 = Debug|Any CPU
		{7ECFBAB8-AED6-49D2-8EF0-21B41A739E56}.Release|Any CPU.ActiveCfg = Release|Any CPU
		{7ECFBAB8-AED6-49D2-8EF0-21B41A739E56}.Release|Any CPU.Build.0 = Release|Any CPU
		{7ECFBAB8-AED6-49D2-8EF0-21B41A739E56}.Release|x64.ActiveCfg = Release|Any CPU
		{7ECFBAB8-AED6-49D2-8EF0-21B41A739E56}.Release|x64.Build.0 = Release|Any CPU
		{7ECFBAB8-AED6-49D2-8EF0-21B41A739E56}.Release|x86.ActiveCfg = Release|Any CPU
		{7ECFBAB8-AED6-49D2-8EF0-21B41A739E56}.Release|x86.Build.0 = Release|Any CPU
		{FD65F6A8-2D1E-4529-9083-BBD2CE705571}.Debug|Any CPU.ActiveCfg = Debug|Any CPU
		{FD65F6A8-2D1E-4529-9083-BBD2CE705571}.Debug|Any CPU.Build.0 = Debug|Any CPU
		{FD65F6A8-2D1E-4529-9083-BBD2CE705571}.Debug|x64.ActiveCfg = Debug|Any CPU
		{FD65F6A8-2D1E-4529-9083-BBD2CE705571}.Debug|x64.Build.0 = Debug|Any CPU
		{FD65F6A8-2D1E-4529-9083-BBD2CE705571}.Debug|x86.ActiveCfg = Debug|Any CPU
		{FD65F6A8-2D1E-4529-9083-BBD2CE705571}.Debug|x86.Build.0 = Debug|Any CPU
		{FD65F6A8-2D1E-4529-9083-BBD2CE705571}.Release|Any CPU.ActiveCfg = Release|Any CPU
		{FD65F6A8-2D1E-4529-9083-BBD2CE705571}.Release|Any CPU.Build.0 = Release|Any CPU
		{FD65F6A8-2D1E-4529-9083-BBD2CE705571}.Release|x64.ActiveCfg = Release|Any CPU
		{FD65F6A8-2D1E-4529-9083-BBD2CE705571}.Release|x64.Build.0 = Release|Any CPU
		{FD65F6A8-2D1E-4529-9083-BBD2CE705571}.Release|x86.ActiveCfg = Release|Any CPU
		{FD65F6A8-2D1E-4529-9083-BBD2CE705571}.Release|x86.Build.0 = Release|Any CPU
		{D303714A-37FF-4E3C-BE5F-A27B8D6A65FA}.Debug|Any CPU.ActiveCfg = Debug|Any CPU
		{D303714A-37FF-4E3C-BE5F-A27B8D6A65FA}.Debug|Any CPU.Build.0 = Debug|Any CPU
		{D303714A-37FF-4E3C-BE5F-A27B8D6A65FA}.Debug|x64.ActiveCfg = Debug|Any CPU
		{D303714A-37FF-4E3C-BE5F-A27B8D6A65FA}.Debug|x64.Build.0 = Debug|Any CPU
		{D303714A-37FF-4E3C-BE5F-A27B8D6A65FA}.Debug|x86.ActiveCfg = Debug|Any CPU
		{D303714A-37FF-4E3C-BE5F-A27B8D6A65FA}.Debug|x86.Build.0 = Debug|Any CPU
		{D303714A-37FF-4E3C-BE5F-A27B8D6A65FA}.Release|Any CPU.ActiveCfg = Release|Any CPU
		{D303714A-37FF-4E3C-BE5F-A27B8D6A65FA}.Release|Any CPU.Build.0 = Release|Any CPU
		{D303714A-37FF-4E3C-BE5F-A27B8D6A65FA}.Release|x64.ActiveCfg = Release|Any CPU
		{D303714A-37FF-4E3C-BE5F-A27B8D6A65FA}.Release|x64.Build.0 = Release|Any CPU
		{D303714A-37FF-4E3C-BE5F-A27B8D6A65FA}.Release|x86.ActiveCfg = Release|Any CPU
		{D303714A-37FF-4E3C-BE5F-A27B8D6A65FA}.Release|x86.Build.0 = Release|Any CPU
		{0A2550ED-00D1-406A-9240-E6F2E6E6E13E}.Debug|Any CPU.ActiveCfg = Debug|Any CPU
		{0A2550ED-00D1-406A-9240-E6F2E6E6E13E}.Debug|Any CPU.Build.0 = Debug|Any CPU
		{0A2550ED-00D1-406A-9240-E6F2E6E6E13E}.Debug|x64.ActiveCfg = Debug|Any CPU
		{0A2550ED-00D1-406A-9240-E6F2E6E6E13E}.Debug|x64.Build.0 = Debug|Any CPU
		{0A2550ED-00D1-406A-9240-E6F2E6E6E13E}.Debug|x86.ActiveCfg = Debug|Any CPU
		{0A2550ED-00D1-406A-9240-E6F2E6E6E13E}.Debug|x86.Build.0 = Debug|Any CPU
		{0A2550ED-00D1-406A-9240-E6F2E6E6E13E}.Release|Any CPU.ActiveCfg = Release|Any CPU
		{0A2550ED-00D1-406A-9240-E6F2E6E6E13E}.Release|Any CPU.Build.0 = Release|Any CPU
		{0A2550ED-00D1-406A-9240-E6F2E6E6E13E}.Release|x64.ActiveCfg = Release|Any CPU
		{0A2550ED-00D1-406A-9240-E6F2E6E6E13E}.Release|x64.Build.0 = Release|Any CPU
		{0A2550ED-00D1-406A-9240-E6F2E6E6E13E}.Release|x86.ActiveCfg = Release|Any CPU
		{0A2550ED-00D1-406A-9240-E6F2E6E6E13E}.Release|x86.Build.0 = Release|Any CPU
	EndGlobalSection
	GlobalSection(SolutionProperties) = preSolution
		HideSolutionNode = FALSE
	EndGlobalSection
	GlobalSection(NestedProjects) = preSolution
		{0BE00C37-7BF6-470A-BACB-4B1B566202A0} = {827E0CD3-B72D-47B6-A68D-7590B98EB39B}
		{931BB004-545F-49DF-96F4-40D56310B63D} = {827E0CD3-B72D-47B6-A68D-7590B98EB39B}
		{EB298018-24A4-4244-8CB4-629EB47D708E} = {827E0CD3-B72D-47B6-A68D-7590B98EB39B}
		{87A9FCC0-D2E3-4995-842E-99E82E0A1341} = {827E0CD3-B72D-47B6-A68D-7590B98EB39B}
		{3AAB3995-9BB6-4AE1-94D6-8E8034640A6D} = {827E0CD3-B72D-47B6-A68D-7590B98EB39B}
		{D40D0D5B-3C9B-44DA-B5F3-D5CA53435D18} = {0AB3BF05-4346-4AA6-1389-037BE0695223}
		{24E14EB4-7082-4BEA-A089-67A33C96D46F} = {0AB3BF05-4346-4AA6-1389-037BE0695223}
		{5256320A-CD38-4BEB-91D9-50213C1084D3} = {0AB3BF05-4346-4AA6-1389-037BE0695223}
		{F1F4BC1C-9903-45AD-A1CD-064EB4A2578D} = {827E0CD3-B72D-47B6-A68D-7590B98EB39B}
		{A18F2CF2-6306-42BB-B809-252C4D38D255} = {827E0CD3-B72D-47B6-A68D-7590B98EB39B}
		{4C3456ED-781B-4609-8208-009A98B1E65D} = {827E0CD3-B72D-47B6-A68D-7590B98EB39B}
		{7ECFBAB8-AED6-49D2-8EF0-21B41A739E56} = {0AB3BF05-4346-4AA6-1389-037BE0695223}
		{FD65F6A8-2D1E-4529-9083-BBD2CE705571} = {0AB3BF05-4346-4AA6-1389-037BE0695223}
		{D303714A-37FF-4E3C-BE5F-A27B8D6A65FA} = {0AB3BF05-4346-4AA6-1389-037BE0695223}
		{0A2550ED-00D1-406A-9240-E6F2E6E6E13E} = {0AB3BF05-4346-4AA6-1389-037BE0695223}
	EndGlobalSection
EndGlobal
